
Microsoft Visual Studio Solution File, Format Version 12.00
# Visual Studio Version 17
VisualStudioVersion = 17.5.33516.290
MinimumVisualStudioVersion = 10.0.40219.1
Project("{FAE04EC0-301F-11D3-BF4B-00C04F79EFBC}") = "EmployeeManagement", "EmployeeManagement\EmployeeManagement.csproj", "{0E4B16B6-4852-4AB7-B8B2-910ABF0F6152}"
EndProject
Global
	GlobalSection(SolutionConfigurationPlatforms) = preSolution
		Debug|Any CPU = Debug|Any CPU
		Release|Any CPU = Release|Any CPU
	EndGlobalSection
	GlobalSection(ProjectConfigurationPlatforms) = postSolution
		{0E4B16B6-4852-4AB7-B8B2-910ABF0F6152}.Debug|Any CPU.ActiveCfg = Debug|Any CPU
		{0E4B16B6-4852-4AB7-B8B2-910ABF0F6152}.Debug|Any CPU.Build.0 = Debug|Any CPU
		{0E4B16B6-4852-4AB7-B8B2-910ABF0F6152}.Release|Any CPU.ActiveCfg = Release|Any CPU
		{0E4B16B6-4852-4AB7-B8B2-910ABF0F6152}.Release|Any CPU.Build.0 = Release|Any CPU
	EndGlobalSection
	GlobalSection(SolutionProperties) = preSolution
		HideSolutionNode = FALSE
	EndGlobalSection
	GlobalSection(ExtensibilityGlobals) = postSolution
		SolutionGuid = {E2F79481-B16D-46B7-ADEE-B7270EE3507D}
	EndGlobalSection
EndGlobal
